
Microsoft Visual Studio Solution File, Format Version 12.00
# Visual Studio Version 16
VisualStudioVersion = 16.0.29102.190
MinimumVisualStudioVersion = 10.0.40219.1
Project("{FAE04EC0-301F-11D3-BF4B-00C04F79EFBC}") = "WeatherApp.Android", "WeatherApp\WeatherApp.Android\WeatherApp.Android.csproj", "{5131051A-659A-444F-A8B7-74E3E4A6A83F}"
EndProject
Project("{FAE04EC0-301F-11D3-BF4B-00C04F79EFBC}") = "WeatherApp.iOS", "WeatherApp\WeatherApp.iOS\WeatherApp.iOS.csproj", "{1AE77C73-637B-4C26-9FF3-DA1CEC0AF449}"
EndProject
Project("{FAE04EC0-301F-11D3-BF4B-00C04F79EFBC}") = "WeatherApp", "WeatherApp\WeatherApp\WeatherApp.csproj", "{10F1B195-4575-4B32-88CA-D58370F339B2}"
EndProject
Global
	GlobalSection(SolutionConfigurationPlatforms) = preSolution
		Debug|Any CPU = Debug|Any CPU
		Debug|iPhone = Debug|iPhone
		Debug|iPhoneSimulator = Debug|iPhoneSimulator
		Release|Any CPU = Release|Any CPU
		Release|iPhone = Release|iPhone
		Release|iPhoneSimulator = Release|iPhoneSimulator
	EndGlobalSection
	GlobalSection(ProjectConfigurationPlatforms) = postSolution
		{5131051A-659A-444F-A8B7-74E3E4A6A83F}.Debug|Any CPU.ActiveCfg = Debug|Any CPU
		{5131051A-659A-444F-A8B7-74E3E4A6A83F}.Debug|Any CPU.Build.0 = Debug|Any CPU
		{5131051A-659A-444F-A8B7-74E3E4A6A83F}.Debug|Any CPU.Deploy.0 = Debug|Any CPU
		{5131051A-659A-444F-A8B7-74E3E4A6A83F}.Debug|iPhone.ActiveCfg = Debug|Any CPU
		{5131051A-659A-444F-A8B7-74E3E4A6A83F}.Debug|iPhone.Build.0 = Debug|Any CPU
		{5131051A-659A-444F-A8B7-74E3E4A6A83F}.Debug|iPhone.Deploy.0 = Debug|Any CPU
		{5131051A-659A-444F-A8B7-74E3E4A6A83F}.Debug|iPhoneSimulator.ActiveCfg = Debug|Any CPU
		{5131051A-659A-444F-A8B7-74E3E4A6A83F}.Debug|iPhoneSimulator.Build.0 = Debug|Any CPU
		{5131051A-659A-444F-A8B7-74E3E4A6A83F}.Debug|iPhoneSimulator.Deploy.0 = Debug|Any CPU
		{5131051A-659A-444F-A8B7-74E3E4A6A83F}.Release|Any CPU.ActiveCfg = Release|Any CPU
		{5131051A-659A-444F-A8B7-74E3E4A6A83F}.Release|Any CPU.Build.0 = Release|Any CPU
		{5131051A-659A-444F-A8B7-74E3E4A6A83F}.Release|Any CPU.Deploy.0 = Release|Any CPU
		{5131051A-659A-444F-A8B7-74E3E4A6A83F}.Release|iPhone.ActiveCfg = Release|Any CPU
		{5131051A-659A-444F-A8B7-74E3E4A6A83F}.Release|iPhone.Build.0 = Release|Any CPU
		{5131051A-659A-444F-A8B7-74E3E4A6A83F}.Release|iPhone.Deploy.0 = Release|Any CPU
		{5131051A-659A-444F-A8B7-74E3E4A6A83F}.Release|iPhoneSimulator.ActiveCfg = Release|Any CPU
		{5131051A-659A-444F-A8B7-74E3E4A6A83F}.Release|iPhoneSimulator.Build.0 = Release|Any CPU
		{5131051A-659A-444F-A8B7-74E3E4A6A83F}.Release|iPhoneSimulator.Deploy.0 = Release|Any CPU
		{1AE77C73-637B-4C26-9FF3-DA1CEC0AF449}.Debug|Any CPU.ActiveCfg = Debug|iPhoneSimulator
		{1AE77C73-637B-4C26-9FF3-DA1CEC0AF449}.Debug|Any CPU.Build.0 = Debug|iPhoneSimulator
		{1AE77C73-637B-4C26-9FF3-DA1CEC0AF449}.Debug|Any CPU.Deploy.0 = Debug|iPhoneSimulator
		{1AE77C73-637B-4C26-9FF3-DA1CEC0AF449}.Debug|iPhone.ActiveCfg = Debug|iPhone
		{1AE77C73-637B-4C26-9FF3-DA1CEC0AF449}.Debug|iPhone.Build.0 = Debug|iPhone
		{1AE77C73-637B-4C26-9FF3-DA1CEC0AF449}.Debug|iPhone.Deploy.0 = Debug|iPhone
		{1AE77C73-637B-4C26-9FF3-DA1CEC0AF449}.Debug|iPhoneSimulator.ActiveCfg = Debug|iPhoneSimulator
		{1AE77C73-637B-4C26-9FF3-DA1CEC0AF449}.Debug|iPhoneSimulator.Build.0 = Debug|iPhoneSimulator
		{1AE77C73-637B-4C26-9FF3-DA1CEC0AF449}.Debug|iPhoneSimulator.Deploy.0 = Debug|iPhoneSimulator
		{1AE77C73-637B-4C26-9FF3-DA1CEC0AF449}.Release|Any CPU.ActiveCfg = Release|iPhone
		{1AE77C73-637B-4C26-9FF3-DA1CEC0AF449}.Release|Any CPU.Build.0 = Release|iPhone
		{1AE77C73-637B-4C26-9FF3-DA1CEC0AF449}.Release|Any CPU.Deploy.0 = Release|iPhone
		{1AE77C73-637B-4C26-9FF3-DA1CEC0AF449}.Release|iPhone.ActiveCfg = Release|iPhone
		{1AE77C73-637B-4C26-9FF3-DA1CEC0AF449}.Release|iPhone.Build.0 = Release|iPhone
		{1AE77C73-637B-4C26-9FF3-DA1CEC0AF449}.Release|iPhone.Deploy.0 = Release|iPhone
		{1AE77C73-637B-4C26-9FF3-DA1CEC0AF449}.Release|iPhoneSimulator.ActiveCfg = Release|iPhoneSimulator
		{1AE77C73-637B-4C26-9FF3-DA1CEC0AF449}.Release|iPhoneSimulator.Build.0 = Release|iPhoneSimulator
		{1AE77C73-637B-4C26-9FF3-DA1CEC0AF449}.Release|iPhoneSimulator.Deploy.0 = Release|iPhoneSimulator
		{10F1B195-4575-4B32-88CA-D58370F339B2}.Debug|Any CPU.ActiveCfg = Debug|Any CPU
		{10F1B195-4575-4B32-88CA-D58370F339B2}.Debug|Any CPU.Build.0 = Debug|Any CPU
		{10F1B195-4575-4B32-88CA-D58370F339B2}.Debug|Any CPU.Deploy.0 = Debug|Any CPU
		{10F1B195-4575-4B32-88CA-D58370F339B2}.Debug|iPhone.ActiveCfg = Debug|Any CPU
		{10F1B195-4575-4B32-88CA-D58370F339B2}.Debug|iPhone.Build.0 = Debug|Any CPU
		{10F1B195-4575-4B32-88CA-D58370F339B2}.Debug|iPhone.Deploy.0 = Debug|Any CPU
		{10F1B195-4575-4B32-88CA-D58370F339B2}.Debug|iPhoneSimulator.ActiveCfg = Debug|Any CPU
		{10F1B195-4575-4B32-88CA-D58370F339B2}.Debug|iPhoneSimulator.Build.0 = Debug|Any CPU
		{10F1B195-4575-4B32-88CA-D58370F339B2}.Debug|iPhoneSimulator.Deploy.0 = Debug|Any CPU
		{10F1B195-4575-4B32-88CA-D58370F339B2}.Release|Any CPU.ActiveCfg = Release|Any CPU
		{10F1B195-4575-4B32-88CA-D58370F339B2}.Release|Any CPU.Build.0 = Release|Any CPU
		{10F1B195-4575-4B32-88CA-D58370F339B2}.Release|Any CPU.Deploy.0 = Release|Any CPU
		{10F1B195-4575-4B32-88CA-D58370F339B2}.Release|iPhone.ActiveCfg = Release|Any CPU
		{10F1B195-4575-4B32-88CA-D58370F339B2}.Release|iPhone.Build.0 = Release|Any CPU
		{10F1B195-4575-4B32-88CA-D58370F339B2}.Release|iPhone.Deploy.0 = Release|Any CPU
		{10F1B195-4575-4B32-88CA-D58370F339B2}.Release|iPhoneSimulator.ActiveCfg = Release|Any CPU
		{10F1B195-4575-4B32-88CA-D58370F339B2}.Release|iPhoneSimulator.Build.0 = Release|Any CPU
		{10F1B195-4575-4B32-88CA-D58370F339B2}.Release|iPhoneSimulator.Deploy.0 = Release|Any CPU
	EndGlobalSection
	GlobalSection(SolutionProperties) = preSolution
		HideSolutionNode = FALSE
	EndGlobalSection
	GlobalSection(ExtensibilityGlobals) = postSolution
		SolutionGuid = {86EE6202-E22C-442F-8209-D97AA6629421}
	EndGlobalSection
EndGlobal
